
Microsoft Visual Studio Solution File, Format Version 12.00
# Visual Studio Version 17
VisualStudioVersion = 17.3.32819.101
MinimumVisualStudioVersion = 10.0.40219.1
Project("{FAE04EC0-301F-11D3-BF4B-00C04F79EFBC}") = "BlazorApp3", "BlazorApp3\BlazorApp3.csproj", "{AA2A46F0-3ABC-425A-8E2B-A7E24AAF9811}"
EndProject
Global
	GlobalSection(SolutionConfigurationPlatforms) = preSolution
		Debug|Any CPU = Debug|Any CPU
		Release|Any CPU = Release|Any CPU
	EndGlobalSection
	GlobalSection(ProjectConfigurationPlatforms) = postSolution
		{AA2A46F0-3ABC-425A-8E2B-A7E24AAF9811}.Debug|Any CPU.ActiveCfg = Debug|Any CPU
		{AA2A46F0-3ABC-425A-8E2B-A7E24AAF9811}.Debug|Any CPU.Build.0 = Debug|Any CPU
		{AA2A46F0-3ABC-425A-8E2B-A7E24AAF9811}.Release|Any CPU.ActiveCfg = Release|Any CPU
		{AA2A46F0-3ABC-425A-8E2B-A7E24AAF9811}.Release|Any CPU.Build.0 = Release|Any CPU
	EndGlobalSection
	GlobalSection(SolutionProperties) = preSolution
		HideSolutionNode = FALSE
	EndGlobalSection
	GlobalSection(ExtensibilityGlobals) = postSolution
		SolutionGuid = {BC99D04A-3DC2-4C7F-B3F9-BD2ABACEB6A2}
	EndGlobalSection
EndGlobal
